# THIS IS AN AUTOGENERATED FILE. DO NOT EDIT THIS FILE DIRECTLY.
# yarn lockfile v1


"@fullcalendar/bootstrap5@^5.11.3":
  version "5.11.3"
  resolved "https://registry.yarnpkg.com/@fullcalendar/bootstrap5/-/bootstrap5-5.11.3.tgz#c9836242ed51d896d4b1194e094e585638e4a5b1"
  integrity sha512-nZ0ny3rYbr0YmEznNfZyAwUTWhzEBx6v4EO2fpeW0oR6Y3DeaAVSgLlFCFSEJRniNDX+K2pUpwS5CK9VF2yzHQ==
  dependencies:
    "@fullcalendar/common" "~5.11.3"
    tslib "^2.1.0"

"@fullcalendar/common@~5.11.3":
  version "5.11.3"
  resolved "https://registry.yarnpkg.com/@fullcalendar/common/-/common-5.11.3.tgz#6d555a06925b8a6d1556570c9f039960539908d5"
  integrity sha512-welVwyfQOXQQGfDwBMSfYEPbiO1cPfUD+C7jd3ZoweJR+dSO11ddFugxIQ7dGfABAGZ63oq/+LW9FsmAJezVNg==
  dependencies:
    tslib "^2.1.0"

"@fullcalendar/core@^5.11.3":
  version "5.11.3"
  resolved "https://registry.yarnpkg.com/@fullcalendar/core/-/core-5.11.3.tgz#26f276347eb83185e03e4086772910c85406b88e"
  integrity sha512-YUFxCvVJytUwFeXCx4J17kFMM7Ixwn9zBjVRw5NM2bMwgR6VAhSnlZc6yNQSOIy7Hj2TF0vDkO/4JNlTvxyAXw==
  dependencies:
    "@fullcalendar/common" "~5.11.3"
    preact "^10.0.5"
    tslib "^2.1.0"

bootstrap-icons@^1.10.2:
  version "1.10.2"
  resolved "https://registry.yarnpkg.com/bootstrap-icons/-/bootstrap-icons-1.10.2.tgz#6a5729e0475e007ed82d752225645e4e6fec48d7"
  integrity sha512-PTPYadRn1AMGr+QTSxe4ZCc+Wzv9DGZxbi3lNse/dajqV31n2/wl/7NX78ZpkvFgRNmH4ogdIQPQmxAfhEV6nA==

bootstrap@^5.2.2:
  version "5.2.3"
  resolved "https://registry.yarnpkg.com/bootstrap/-/bootstrap-5.2.3.tgz#54739f4414de121b9785c5da3c87b37ff008322b"
  integrity sha512-cEKPM+fwb3cT8NzQZYEu4HilJ3anCrWqh3CHAok1p9jXqMPsPTBhU25fBckEJHJ/p+tTxTFTsFQGM+gaHpi3QQ==

preact@^10.0.5:
  version "10.11.3"
  resolved "https://registry.yarnpkg.com/preact/-/preact-10.11.3.tgz#8a7e4ba19d3992c488b0785afcc0f8aa13c78d19"
  integrity sha512-eY93IVpod/zG3uMF22Unl8h9KkrcKIRs2EGar8hwLZZDU1lkjph303V9HZBwufh2s736U6VXuhD109LYqPoffg==

tslib@^2.1.0:
  version "2.4.1"
  resolved "https://registry.yarnpkg.com/tslib/-/tslib-2.4.1.tgz#0d0bfbaac2880b91e22df0768e55be9753a5b17e"
  integrity sha512-tGyy4dAjRIEwI7BzsB0lynWgOpfqjUdq91XXAlIWD2OwKBH7oCl/GZG/HT4BOHrTlPMOASlMQ7veyTqpmRcrNA==
